
Microsoft Visual Studio Solution File, Format Version 12.00
# Visual Studio Version 17
VisualStudioVersion = 17.3.32819.101
MinimumVisualStudioVersion = 10.0.40219.1
Project("{FAE04EC0-301F-11D3-BF4B-00C04F79EFBC}") = "Academia", "Academia.csproj", "{13C85FA7-DBF4-4A71-9E2F-D41F2BA06B19}"
EndProject
Project("{FAE04EC0-301F-11D3-BF4B-00C04F79EFBC}") = "App", "..\App\App.csproj", "{77B6A5A9-A3F5-402B-AD6D-8924B488E3CF}"
EndProject
Global
	GlobalSection(SolutionConfigurationPlatforms) = preSolution
		Debug|Any CPU = Debug|Any CPU
		Release|Any CPU = Release|Any CPU
	EndGlobalSection
	GlobalSection(ProjectConfigurationPlatforms) = postSolution
		{13C85FA7-DBF4-4A71-9E2F-D41F2BA06B19}.Debug|Any CPU.ActiveCfg = Debug|Any CPU
		{13C85FA7-DBF4-4A71-9E2F-D41F2BA06B19}.Debug|Any CPU.Build.0 = Debug|Any CPU
		{13C85FA7-DBF4-4A71-9E2F-D41F2BA06B19}.Release|Any CPU.ActiveCfg = Release|Any CPU
		{13C85FA7-DBF4-4A71-9E2F-D41F2BA06B19}.Release|Any CPU.Build.0 = Release|Any CPU
		{77B6A5A9-A3F5-402B-AD6D-8924B488E3CF}.Debug|Any CPU.ActiveCfg = Debug|Any CPU
		{77B6A5A9-A3F5-402B-AD6D-8924B488E3CF}.Debug|Any CPU.Build.0 = Debug|Any CPU
		{77B6A5A9-A3F5-402B-AD6D-8924B488E3CF}.Release|Any CPU.ActiveCfg = Release|Any CPU
		{77B6A5A9-A3F5-402B-AD6D-8924B488E3CF}.Release|Any CPU.Build.0 = Release|Any CPU
	EndGlobalSection
	GlobalSection(SolutionProperties) = preSolution
		HideSolutionNode = FALSE
	EndGlobalSection
	GlobalSection(ExtensibilityGlobals) = postSolution
		SolutionGuid = {8FCA340B-9087-4F43-8FEE-4166815AADD7}
	EndGlobalSection
EndGlobal
